
Microsoft Visual Studio Solution File, Format Version 12.00
# Visual Studio 2013
VisualStudioVersion = 12.0.21005.1
MinimumVisualStudioVersion = 10.0.40219.1
Project("{8BC9CEB8-8B4A-11D0-8D11-00A0C91BC942}") = "QuanLyThuVien", "QuanLyThuVien\QuanLyThuVien.vcxproj", "{DA6C89B2-183C-4B13-8D0B-00778F48CA72}"
EndProject
Project("{8BC9CEB8-8B4A-11D0-8D11-00A0C91BC942}") = "QuanLyThuVien_DaHinh", "QuanLyThuVien_DaHinh\QuanLyThuVien_DaHinh.vcxproj", "{DC8795D1-160D-4B4A-938D-7843E60E3186}"
EndProject
Project("{8BC9CEB8-8B4A-11D0-8D11-00A0C91BC942}") = "QuanLyNhanVien", "QuanLyNhanVien\QuanLyNhanVien.vcxproj", "{F6794748-A2DC-4DD3-83D3-99ADC0F42393}"
EndProject
Project("{8BC9CEB8-8B4A-11D0-8D11-00A0C91BC942}") = "OnTapDocGhiFile", "OnTapDocGhiFile\OnTapDocGhiFile.vcxproj", "{9D4EB676-D28F-41C7-929E-0EB272DACC0D}"
EndProject
Project("{8BC9CEB8-8B4A-11D0-8D11-00A0C91BC942}") = "luyenTapCode", "luyenTapCode\luyenTapCode.vcxproj", "{8735C574-FE69-4120-8EDC-C65363B0209E}"
EndProject
Global
	GlobalSection(SolutionConfigurationPlatforms) = preSolution
		Debug|Win32 = Debug|Win32
		Release|Win32 = Release|Win32
	EndGlobalSection
	GlobalSection(ProjectConfigurationPlatforms) = postSolution
		{DA6C89B2-183C-4B13-8D0B-00778F48CA72}.Debug|Win32.ActiveCfg = Debug|Win32
		{DA6C89B2-183C-4B13-8D0B-00778F48CA72}.Debug|Win32.Build.0 = Debug|Win32
		{DA6C89B2-183C-4B13-8D0B-00778F48CA72}.Release|Win32.ActiveCfg = Release|Win32
		{DA6C89B2-183C-4B13-8D0B-00778F48CA72}.Release|Win32.Build.0 = Release|Win32
		{DC8795D1-160D-4B4A-938D-7843E60E3186}.Debug|Win32.ActiveCfg = Debug|Win32
		{DC8795D1-160D-4B4A-938D-7843E60E3186}.Debug|Win32.Build.0 = Debug|Win32
		{DC8795D1-160D-4B4A-938D-7843E60E3186}.Release|Win32.ActiveCfg = Release|Win32
		{DC8795D1-160D-4B4A-938D-7843E60E3186}.Release|Win32.Build.0 = Release|Win32
		{F6794748-A2DC-4DD3-83D3-99ADC0F42393}.Debug|Win32.ActiveCfg = Debug|Win32
		{F6794748-A2DC-4DD3-83D3-99ADC0F42393}.Debug|Win32.Build.0 = Debug|Win32
		{F6794748-A2DC-4DD3-83D3-99ADC0F42393}.Release|Win32.ActiveCfg = Release|Win32
		{F6794748-A2DC-4DD3-83D3-99ADC0F42393}.Release|Win32.Build.0 = Release|Win32
		{9D4EB676-D28F-41C7-929E-0EB272DACC0D}.Debug|Win32.ActiveCfg = Debug|Win32
		{9D4EB676-D28F-41C7-929E-0EB272DACC0D}.Debug|Win32.Build.0 = Debug|Win32
		{9D4EB676-D28F-41C7-929E-0EB272DACC0D}.Release|Win32.ActiveCfg = Release|Win32
		{9D4EB676-D28F-41C7-929E-0EB272DACC0D}.Release|Win32.Build.0 = Release|Win32
		{8735C574-FE69-4120-8EDC-C65363B0209E}.Debug|Win32.ActiveCfg = Debug|Win32
		{8735C574-FE69-4120-8EDC-C65363B0209E}.Debug|Win32.Build.0 = Debug|Win32
		{8735C574-FE69-4120-8EDC-C65363B0209E}.Release|Win32.ActiveCfg = Release|Win32
		{8735C574-FE69-4120-8EDC-C65363B0209E}.Release|Win32.Build.0 = Release|Win32
	EndGlobalSection
	GlobalSection(SolutionProperties) = preSolution
		HideSolutionNode = FALSE
	EndGlobalSection
EndGlobal
